
Microsoft Visual Studio Solution File, Format Version 12.00
# Visual Studio Version 16
VisualStudioVersion = 16.0.29215.179
MinimumVisualStudioVersion = 10.0.40219.1
Project("{FAE04EC0-301F-11D3-BF4B-00C04F79EFBC}") = "WebCV", "WebCV\WebCV.csproj", "{030A94D2-433F-4AF4-9FC5-B40088D88D93}"
EndProject
Global
	GlobalSection(SolutionConfigurationPlatforms) = preSolution
		Debug|Any CPU = Debug|Any CPU
		Release|Any CPU = Release|Any CPU
	EndGlobalSection
	GlobalSection(ProjectConfigurationPlatforms) = postSolution
		{030A94D2-433F-4AF4-9FC5-B40088D88D93}.Debug|Any CPU.ActiveCfg = Debug|Any CPU
		{030A94D2-433F-4AF4-9FC5-B40088D88D93}.Debug|Any CPU.Build.0 = Debug|Any CPU
		{030A94D2-433F-4AF4-9FC5-B40088D88D93}.Release|Any CPU.ActiveCfg = Release|Any CPU
		{030A94D2-433F-4AF4-9FC5-B40088D88D93}.Release|Any CPU.Build.0 = Release|Any CPU
	EndGlobalSection
	GlobalSection(SolutionProperties) = preSolution
		HideSolutionNode = FALSE
	EndGlobalSection
	GlobalSection(ExtensibilityGlobals) = postSolution
		SolutionGuid = {709AAB50-C4E1-4032-909F-34A22CE4F028}
	EndGlobalSection
EndGlobal
